
Microsoft Visual Studio Solution File, Format Version 12.00
# Visual Studio Version 17
VisualStudioVersion = 17.1.32328.378
MinimumVisualStudioVersion = 10.0.40219.1
Project("{FAE04EC0-301F-11D3-BF4B-00C04F79EFBC}") = "App 6", "App 6\App 6.csproj", "{3F7702EA-4B0B-41C9-8FAA-BCB6D973A510}"
EndProject
Global
	GlobalSection(SolutionConfigurationPlatforms) = preSolution
		Debug|Any CPU = Debug|Any CPU
		Release|Any CPU = Release|Any CPU
	EndGlobalSection
	GlobalSection(ProjectConfigurationPlatforms) = postSolution
		{3F7702EA-4B0B-41C9-8FAA-BCB6D973A510}.Debug|Any CPU.ActiveCfg = Debug|Any CPU
		{3F7702EA-4B0B-41C9-8FAA-BCB6D973A510}.Debug|Any CPU.Build.0 = Debug|Any CPU
		{3F7702EA-4B0B-41C9-8FAA-BCB6D973A510}.Release|Any CPU.ActiveCfg = Release|Any CPU
		{3F7702EA-4B0B-41C9-8FAA-BCB6D973A510}.Release|Any CPU.Build.0 = Release|Any CPU
	EndGlobalSection
	GlobalSection(SolutionProperties) = preSolution
		HideSolutionNode = FALSE
	EndGlobalSection
	GlobalSection(ExtensibilityGlobals) = postSolution
		SolutionGuid = {5F324AC6-34F8-421F-82FD-40995DDE1F1F}
	EndGlobalSection
EndGlobal
